
Microsoft Visual Studio Solution File, Format Version 12.00
Project("{FAE04EC0-301F-11D3-BF4B-00C04F79EFBC}") = "会議室利用", "会議室利用\会議室利用.csproj", "{4BD9FE7C-F812-4CE8-895C-1EA0EB45E388}"
EndProject
Project("{FAE04EC0-301F-11D3-BF4B-00C04F79EFBC}") = "会議室予約", "会議室予約\会議室予約.csproj", "{DB39909B-181F-453A-8C42-14C4EE18D821}"
EndProject
Project("{FAE04EC0-301F-11D3-BF4B-00C04F79EFBC}") = "Test", "Test\Test.csproj", "{585FCBAC-9A22-4A2B-B24E-507EF477091A}"
EndProject
Project("{FAE04EC0-301F-11D3-BF4B-00C04F79EFBC}") = "WebApplication", "WebApplication\WebApplication.csproj", "{1DA9F832-0F50-454D-B881-2348DF259C12}"
EndProject
Global
	GlobalSection(SolutionConfigurationPlatforms) = preSolution
		Debug|Any CPU = Debug|Any CPU
		Release|Any CPU = Release|Any CPU
	EndGlobalSection
	GlobalSection(ProjectConfigurationPlatforms) = postSolution
		{4BD9FE7C-F812-4CE8-895C-1EA0EB45E388}.Debug|Any CPU.ActiveCfg = Debug|Any CPU
		{4BD9FE7C-F812-4CE8-895C-1EA0EB45E388}.Debug|Any CPU.Build.0 = Debug|Any CPU
		{4BD9FE7C-F812-4CE8-895C-1EA0EB45E388}.Release|Any CPU.ActiveCfg = Release|Any CPU
		{4BD9FE7C-F812-4CE8-895C-1EA0EB45E388}.Release|Any CPU.Build.0 = Release|Any CPU
		{DB39909B-181F-453A-8C42-14C4EE18D821}.Debug|Any CPU.ActiveCfg = Debug|Any CPU
		{DB39909B-181F-453A-8C42-14C4EE18D821}.Debug|Any CPU.Build.0 = Debug|Any CPU
		{DB39909B-181F-453A-8C42-14C4EE18D821}.Release|Any CPU.ActiveCfg = Release|Any CPU
		{DB39909B-181F-453A-8C42-14C4EE18D821}.Release|Any CPU.Build.0 = Release|Any CPU
		{585FCBAC-9A22-4A2B-B24E-507EF477091A}.Debug|Any CPU.ActiveCfg = Debug|Any CPU
		{585FCBAC-9A22-4A2B-B24E-507EF477091A}.Debug|Any CPU.Build.0 = Debug|Any CPU
		{585FCBAC-9A22-4A2B-B24E-507EF477091A}.Release|Any CPU.ActiveCfg = Release|Any CPU
		{585FCBAC-9A22-4A2B-B24E-507EF477091A}.Release|Any CPU.Build.0 = Release|Any CPU
		{1DA9F832-0F50-454D-B881-2348DF259C12}.Debug|Any CPU.ActiveCfg = Debug|Any CPU
		{1DA9F832-0F50-454D-B881-2348DF259C12}.Debug|Any CPU.Build.0 = Debug|Any CPU
		{1DA9F832-0F50-454D-B881-2348DF259C12}.Release|Any CPU.ActiveCfg = Release|Any CPU
		{1DA9F832-0F50-454D-B881-2348DF259C12}.Release|Any CPU.Build.0 = Release|Any CPU
	EndGlobalSection
EndGlobal
